// !$*UTF8*$!
{
	archiveVersion = 1;
	classes = {
	};
	objectVersion = 48;
	objects = {

/* Begin PBXBuildFile section */
		624F30FC2006181800A39245 /* AppDelegate.swift in Sources */ = {isa = PBXBuildFile; fileRef = 624F30FB2006181800A39245 /* AppDelegate.swift */; };
		624F31032006181800A39245 /* Assets.xcassets in Resources */ = {isa = PBXBuildFile; fileRef = 624F31022006181800A39245 /* Assets.xcassets */; };
		624F31062006181800A39245 /* LaunchScreen.storyboard in Resources */ = {isa = PBXBuildFile; fileRef = 624F31042006181800A39245 /* LaunchScreen.storyboard */; };
		624F31222006195E00A39245 /* PackageViewController.swift in Sources */ = {isa = PBXBuildFile; fileRef = 624F31212006195E00A39245 /* PackageViewController.swift */; };
		624F31242006197C00A39245 /* Box.swift in Sources */ = {isa = PBXBuildFile; fileRef = 624F31232006197C00A39245 /* Box.swift */; };
		624F3126200619D200A39245 /* BoxViewModel.swift in Sources */ = {isa = PBXBuildFile; fileRef = 624F3125200619D200A39245 /* BoxViewModel.swift */; };
		624F312920061E9800A39245 /* BoxViewModelTests.swift in Sources */ = {isa = PBXBuildFile; fileRef = 624F312820061E9800A39245 /* BoxViewModelTests.swift */; };
		624F312C20061F8400A39245 /* BoxTests.swift in Sources */ = {isa = PBXBuildFile; fileRef = 624F312B20061F8400A39245 /* BoxTests.swift */; };
/* End PBXBuildFile section */

/* Begin PBXContainerItemProxy section */
		624F310D2006181800A39245 /* PBXContainerItemProxy */ = {
			isa = PBXContainerItemProxy;
			containerPortal = 624F30F02006181700A39245 /* Project object */;
			proxyType = 1;
			remoteGlobalIDString = 624F30F72006181700A39245;
			remoteInfo = PackageApp;
		};
/* End PBXContainerItemProxy section */

/* Begin PBXFileReference section */
		624F30F82006181800A39245 /* PackageApp.app */ = {isa = PBXFileReference; explicitFileType = wrapper.application; includeInIndex = 0; path = PackageApp.app; sourceTree = BUILT_PRODUCTS_DIR; };
		624F30FB2006181800A39245 /* AppDelegate.swift */ = {isa = PBXFileReference; lastKnownFileType = sourcecode.swift; path = AppDelegate.swift; sourceTree = "<group>"; };
		624F31022006181800A39245 /* Assets.xcassets */ = {isa = PBXFileReference; lastKnownFileType = folder.assetcatalog; path = Assets.xcassets; sourceTree = "<group>"; };
		624F31052006181800A39245 /* Base */ = {isa = PBXFileReference; lastKnownFileType = file.storyboard; name = Base; path = Base.lproj/LaunchScreen.storyboard; sourceTree = "<group>"; };
		624F31072006181800A39245 /* Info.plist */ = {isa = PBXFileReference; lastKnownFileType = text.plist.xml; path = Info.plist; sourceTree = "<group>"; };
		624F310C2006181800A39245 /* PackageAppTests.xctest */ = {isa = PBXFileReference; explicitFileType = wrapper.cfbundle; includeInIndex = 0; path = PackageAppTests.xctest; sourceTree = BUILT_PRODUCTS_DIR; };
		624F31122006181800A39245 /* Info.plist */ = {isa = PBXFileReference; lastKnownFileType = text.plist.xml; path = Info.plist; sourceTree = "<group>"; };
		624F31212006195E00A39245 /* PackageViewController.swift */ = {isa = PBXFileReference; lastKnownFileType = sourcecode.swift; path = PackageViewController.swift; sourceTree = "<group>"; };
		624F31232006197C00A39245 /* Box.swift */ = {isa = PBXFileReference; lastKnownFileType = sourcecode.swift; path = Box.swift; sourceTree = "<group>"; };
		624F3125200619D200A39245 /* BoxViewModel.swift */ = {isa = PBXFileReference; lastKnownFileType = sourcecode.swift; path = BoxViewModel.swift; sourceTree = "<group>"; };
		624F312820061E9800A39245 /* BoxViewModelTests.swift */ = {isa = PBXFileReference; lastKnownFileType = sourcecode.swift; path = BoxViewModelTests.swift; sourceTree = "<group>"; };
		624F312B20061F8400A39245 /* BoxTests.swift */ = {isa = PBXFileReference; lastKnownFileType = sourcecode.swift; path = BoxTests.swift; sourceTree = "<group>"; };
/* End PBXFileReference section */

/* Begin PBXFrameworksBuildPhase section */
		624F30F52006181700A39245 /* Frameworks */ = {
			isa = PBXFrameworksBuildPhase;
			buildActionMask = 2147483647;
			files = (
			);
			runOnlyForDeploymentPostprocessing = 0;
		};
		624F31092006181800A39245 /* Frameworks */ = {
			isa = PBXFrameworksBuildPhase;
			buildActionMask = 2147483647;
			files = (
			);
			runOnlyForDeploymentPostprocessing = 0;
		};
/* End PBXFrameworksBuildPhase section */

/* Begin PBXGroup section */
		624F30EF2006181700A39245 = {
			isa = PBXGroup;
			children = (
				624F30FA2006181800A39245 /* PackageApp */,
				624F310F2006181800A39245 /* PackageAppTests */,
				624F30F92006181800A39245 /* Products */,
			);
			sourceTree = "<group>";
		};
		624F30F92006181800A39245 /* Products */ = {
			isa = PBXGroup;
			children = (
				624F30F82006181800A39245 /* PackageApp.app */,
				624F310C2006181800A39245 /* PackageAppTests.xctest */,
			);
			name = Products;
			sourceTree = "<group>";
		};
		624F30FA2006181800A39245 /* PackageApp */ = {
			isa = PBXGroup;
			children = (
				624F31202006194E00A39245 /* ViewControllers */,
				624F311C2006185F00A39245 /* ViewModels */,
				624F311B2006185400A39245 /* Models */,
				624F30FB2006181800A39245 /* AppDelegate.swift */,
				624F31022006181800A39245 /* Assets.xcassets */,
				624F31042006181800A39245 /* LaunchScreen.storyboard */,
				624F31072006181800A39245 /* Info.plist */,
			);
			path = PackageApp;
			sourceTree = "<group>";
		};
		624F310F2006181800A39245 /* PackageAppTests */ = {
			isa = PBXGroup;
			children = (
				624F312A20061F6F00A39245 /* Models */,
				624F312720061E8200A39245 /* ViewModels */,
				624F31122006181800A39245 /* Info.plist */,
			);
			path = PackageAppTests;
			sourceTree = "<group>";
		};
		624F311B2006185400A39245 /* Models */ = {
			isa = PBXGroup;
			children = (
				624F31232006197C00A39245 /* Box.swift */,
			);
			path = Models;
			sourceTree = "<group>";
		};
		624F311C2006185F00A39245 /* ViewModels */ = {
			isa = PBXGroup;
			children = (
				624F3125200619D200A39245 /* BoxViewModel.swift */,
			);
			path = ViewModels;
			sourceTree = "<group>";
		};
		624F31202006194E00A39245 /* ViewControllers */ = {
			isa = PBXGroup;
			children = (
				624F31212006195E00A39245 /* PackageViewController.swift */,
			);
			path = ViewControllers;
			sourceTree = "<group>";
		};
		624F312720061E8200A39245 /* ViewModels */ = {
			isa = PBXGroup;
			children = (
				624F312820061E9800A39245 /* BoxViewModelTests.swift */,
			);
			path = ViewModels;
			sourceTree = "<group>";
		};
		624F312A20061F6F00A39245 /* Models */ = {
			isa = PBXGroup;
			children = (
				624F312B20061F8400A39245 /* BoxTests.swift */,
			);
			path = Models;
			sourceTree = "<group>";
		};
/* End PBXGroup section */

/* Begin PBXNativeTarget section */
		624F30F72006181700A39245 /* PackageApp */ = {
			isa = PBXNativeTarget;
			buildConfigurationList = 624F31152006181800A39245 /* Build configuration list for PBXNativeTarget "PackageApp" */;
			buildPhases = (
				624F30F42006181700A39245 /* Sources */,
				624F30F52006181700A39245 /* Frameworks */,
				624F30F62006181700A39245 /* Resources */,
			);
			buildRules = (
			);
			dependencies = (
			);
			name = PackageApp;
			productName = PackageApp;
			productReference = 624F30F82006181800A39245 /* PackageApp.app */;
			productType = "com.apple.product-type.application";
		};
		624F310B2006181800A39245 /* PackageAppTests */ = {
			isa = PBXNativeTarget;
			buildConfigurationList = 624F31182006181800A39245 /* Build configuration list for PBXNativeTarget "PackageAppTests" */;
			buildPhases = (
				624F31082006181800A39245 /* Sources */,
				624F31092006181800A39245 /* Frameworks */,
				624F310A2006181800A39245 /* Resources */,
			);
			buildRules = (
			);
			dependencies = (
				624F310E2006181800A39245 /* PBXTargetDependency */,
			);
			name = PackageAppTests;
			productName = PackageAppTests;
			productReference = 624F310C2006181800A39245 /* PackageAppTests.xctest */;
			productType = "com.apple.product-type.bundle.unit-test";
		};
/* End PBXNativeTarget section */

/* Begin PBXProject section */
		624F30F02006181700A39245 /* Project object */ = {
			isa = PBXProject;
			attributes = {
				LastSwiftUpdateCheck = 0910;
				LastUpgradeCheck = 0910;
				ORGANIZATIONNAME = "Peter Warbo";
				TargetAttributes = {
					624F30F72006181700A39245 = {
						CreatedOnToolsVersion = 9.1;
						ProvisioningStyle = Automatic;
					};
					624F310B2006181800A39245 = {
						CreatedOnToolsVersion = 9.1;
						LastSwiftMigration = 0910;
						ProvisioningStyle = Automatic;
						TestTargetID = 624F30F72006181700A39245;
					};
				};
			};
			buildConfigurationList = 624F30F32006181700A39245 /* Build configuration list for PBXProject "PackageApp" */;
			compatibilityVersion = "Xcode 8.0";
			developmentRegion = en;
			hasScannedForEncodings = 0;
			knownRegions = (
				en,
				Base,
			);
			mainGroup = 624F30EF2006181700A39245;
			productRefGroup = 624F30F92006181800A39245 /* Products */;
			projectDirPath = "";
			projectRoot = "";
			targets = (
				624F30F72006181700A39245 /* PackageApp */,
				624F310B2006181800A39245 /* PackageAppTests */,
			);
		};
/* End PBXProject section */

/* Begin PBXResourcesBuildPhase section */
		624F30F62006181700A39245 /* Resources */ = {
			isa = PBXResourcesBuildPhase;
			buildActionMask = 2147483647;
			files = (
				624F31062006181800A39245 /* LaunchScreen.storyboard in Resources */,
				624F31032006181800A39245 /* Assets.xcassets in Resources */,
			);
			runOnlyForDeploymentPostprocessing = 0;
		};
		624F310A2006181800A39245 /* Resources */ = {
			isa = PBXResourcesBuildPhase;
			buildActionMask = 2147483647;
			files = (
			);
			runOnlyForDeploymentPostprocessing = 0;
		};
/* End PBXResourcesBuildPhase section */

/* Begin PBXSourcesBuildPhase section */
		624F30F42006181700A39245 /* Sources */ = {
			isa = PBXSourcesBuildPhase;
			buildActionMask = 2147483647;
			files = (
				624F31242006197C00A39245 /* Box.swift in Sources */,
				624F30FC2006181800A39245 /* AppDelegate.swift in Sources */,
				624F3126200619D200A39245 /* BoxViewModel.swift in Sources */,
				624F31222006195E00A39245 /* PackageViewController.swift in Sources */,
			);
			runOnlyForDeploymentPostprocessing = 0;
		};
		624F31082006181800A39245 /* Sources */ = {
			isa = PBXSourcesBuildPhase;
			buildActionMask = 2147483647;
			files = (
				624F312920061E9800A39245 /* BoxViewModelTests.swift in Sources */,
				624F312C20061F8400A39245 /* BoxTests.swift in Sources */,
			);
			runOnlyForDeploymentPostprocessing = 0;
		};
/* End PBXSourcesBuildPhase section */

/* Begin PBXTargetDependency section */
		624F310E2006181800A39245 /* PBXTargetDependency */ = {
			isa = PBXTargetDependency;
			target = 624F30F72006181700A39245 /* PackageApp */;
			targetProxy = 624F310D2006181800A39245 /* PBXContainerItemProxy */;
		};
/* End PBXTargetDependency section */

/* Begin PBXVariantGroup section */
		624F31042006181800A39245 /* LaunchScreen.storyboard */ = {
			isa = PBXVariantGroup;
			children = (
				624F31052006181800A39245 /* Base */,
			);
			name = LaunchScreen.storyboard;
			sourceTree = "<group>";
		};
/* End PBXVariantGroup section */

/* Begin XCBuildConfiguration section */
		624F31132006181800A39245 /* Debug */ = {
			isa = XCBuildConfiguration;
			buildSettings = {
				ALWAYS_SEARCH_USER_PATHS = NO;
				CLANG_ANALYZER_NONNULL = YES;
				CLANG_ANALYZER_NUMBER_OBJECT_CONVERSION = YES_AGGRESSIVE;
				CLANG_CXX_LANGUAGE_STANDARD = "gnu++14";
				CLANG_CXX_LIBRARY = "libc++";
				CLANG_ENABLE_MODULES = YES;
				CLANG_ENABLE_OBJC_ARC = YES;
				CLANG_WARN_BLOCK_CAPTURE_AUTORELEASING = YES;
				CLANG_WARN_BOOL_CONVERSION = YES;
				CLANG_WARN_COMMA = YES;
				CLANG_WARN_CONSTANT_CONVERSION = YES;
				CLANG_WARN_DIRECT_OBJC_ISA_USAGE = YES_ERROR;
				CLANG_WARN_DOCUMENTATION_COMMENTS = YES;
				CLANG_WARN_EMPTY_BODY = YES;
				CLANG_WARN_ENUM_CONVERSION = YES;
				CLANG_WARN_INFINITE_RECURSION = YES;
				CLANG_WARN_INT_CONVERSION = YES;
				CLANG_WARN_NON_LITERAL_NULL_CONVERSION = YES;
				CLANG_WARN_OBJC_LITERAL_CONVERSION = YES;
				CLANG_WARN_OBJC_ROOT_CLASS = YES_ERROR;
				CLANG_WARN_RANGE_LOOP_ANALYSIS = YES;
				CLANG_WARN_STRICT_PROTOTYPES = YES;
				CLANG_WARN_SUSPICIOUS_MOVE = YES;
				CLANG_WARN_UNGUARDED_AVAILABILITY = YES_AGGRESSIVE;
				CLANG_WARN_UNREACHABLE_CODE = YES;
				CLANG_WARN__DUPLICATE_METHOD_MATCH = YES;
				CODE_SIGN_IDENTITY = "iPhone Developer";
				COPY_PHASE_STRIP = NO;
				DEBUG_INFORMATION_FORMAT = dwarf;
				ENABLE_STRICT_OBJC_MSGSEND = YES;
				ENABLE_TESTABILITY = YES;
				GCC_C_LANGUAGE_STANDARD = gnu11;
				GCC_DYNAMIC_NO_PIC = NO;
				GCC_NO_COMMON_BLOCKS = YES;
				GCC_OPTIMIZATION_LEVEL = 0;
				GCC_PREPROCESSOR_DEFINITIONS = (
					"DEBUG=1",
					"$(inherited)",
				);
				GCC_WARN_64_TO_32_BIT_CONVERSION = YES;
				GCC_WARN_ABOUT_RETURN_TYPE = YES_ERROR;
				GCC_WARN_UNDECLARED_SELECTOR = YES;
				GCC_WARN_UNINITIALIZED_AUTOS = YES_AGGRESSIVE;
				GCC_WARN_UNUSED_FUNCTION = YES;
				GCC_WARN_UNUSED_VARIABLE = YES;
				IPHONEOS_DEPLOYMENT_TARGET = 11.1;
				MTL_ENABLE_DEBUG_INFO = YES;
				ONLY_ACTIVE_ARCH = YES;
				SDKROOT = iphoneos;
				SWIFT_ACTIVE_COMPILATION_CONDITIONS = DEBUG;
				SWIFT_OPTIMIZATION_LEVEL = "-Onone";
			};
			name = Debug;
		};
		624F31142006181800A39245 /* Release */ = {
			isa = XCBuildConfiguration;
			buildSettings = {
				ALWAYS_SEARCH_USER_PATHS = NO;
				CLANG_ANALYZER_NONNULL = YES;
				CLANG_ANALYZER_NUMBER_OBJECT_CONVERSION = YES_AGGRESSIVE;
				CLANG_CXX_LANGUAGE_STANDARD = "gnu++14";
				CLANG_CXX_LIBRARY = "libc++";
				CLANG_ENABLE_MODULES = YES;
				CLANG_ENABLE_OBJC_ARC = YES;
				CLANG_WARN_BLOCK_CAPTURE_AUTORELEASING = YES;
				CLANG_WARN_BOOL_CONVERSION = YES;
				CLANG_WARN_COMMA = YES;
				CLANG_WARN_CONSTANT_CONVERSION = YES;
				CLANG_WARN_DIRECT_OBJC_ISA_USAGE = YES_ERROR;
				CLANG_WARN_DOCUMENTATION_COMMENTS = YES;
				CLANG_WARN_EMPTY_BODY = YES;
				CLANG_WARN_ENUM_CONVERSION = YES;
				CLANG_WARN_INFINITE_RECURSION = YES;
				CLANG_WARN_INT_CONVERSION = YES;
				CLANG_WARN_NON_LITERAL_NULL_CONVERSION = YES;
				CLANG_WARN_OBJC_LITERAL_CONVERSION = YES;
				CLANG_WARN_OBJC_ROOT_CLASS = YES_ERROR;
				CLANG_WARN_RANGE_LOOP_ANALYSIS = YES;
				CLANG_WARN_STRICT_PROTOTYPES = YES;
				CLANG_WARN_SUSPICIOUS_MOVE = YES;
				CLANG_WARN_UNGUARDED_AVAILABILITY = YES_AGGRESSIVE;
				CLANG_WARN_UNREACHABLE_CODE = YES;
				CLANG_WARN__DUPLICATE_METHOD_MATCH = YES;
				CODE_SIGN_IDENTITY = "iPhone Developer";
				COPY_PHASE_STRIP = NO;
				DEBUG_INFORMATION_FORMAT = "dwarf-with-dsym";
				ENABLE_NS_ASSERTIONS = NO;
				ENABLE_STRICT_OBJC_MSGSEND = YES;
				GCC_C_LANGUAGE_STANDARD = gnu11;
				GCC_NO_COMMON_BLOCKS = YES;
				GCC_WARN_64_TO_32_BIT_CONVERSION = YES;
				GCC_WARN_ABOUT_RETURN_TYPE = YES_ERROR;
				GCC_WARN_UNDECLARED_SELECTOR = YES;
				GCC_WARN_UNINITIALIZED_AUTOS = YES_AGGRESSIVE;
				GCC_WARN_UNUSED_FUNCTION = YES;
				GCC_WARN_UNUSED_VARIABLE = YES;
				IPHONEOS_DEPLOYMENT_TARGET = 11.1;
				MTL_ENABLE_DEBUG_INFO = NO;
				SDKROOT = iphoneos;
				SWIFT_OPTIMIZATION_LEVEL = "-Owholemodule";
				VALIDATE_PRODUCT = YES;
			};
			name = Release;
		};
		624F31162006181800A39245 /* Debug */ = {
			isa = XCBuildConfiguration;
			buildSettings = {
				ASSETCATALOG_COMPILER_APPICON_NAME = AppIcon;
				CODE_SIGN_STYLE = Automatic;
				DEVELOPMENT_TEAM = "";
				INFOPLIST_FILE = PackageApp/Info.plist;
				LD_RUNPATH_SEARCH_PATHS = "$(inherited) @executable_path/Frameworks";
				PRODUCT_BUNDLE_IDENTIFIER = com.peterwarbo.PackageApp;
				PRODUCT_NAME = "$(TARGET_NAME)";
				SWIFT_VERSION = 4.0;
				TARGETED_DEVICE_FAMILY = "1,2";
			};
			name = Debug;
		};
		624F31172006181800A39245 /* Release */ = {
			isa = XCBuildConfiguration;
			buildSettings = {
				ASSETCATALOG_COMPILER_APPICON_NAME = AppIcon;
				CODE_SIGN_STYLE = Automatic;
				DEVELOPMENT_TEAM = "";
				INFOPLIST_FILE = PackageApp/Info.plist;
				LD_RUNPATH_SEARCH_PATHS = "$(inherited) @executable_path/Frameworks";
				PRODUCT_BUNDLE_IDENTIFIER = com.peterwarbo.PackageApp;
				PRODUCT_NAME = "$(TARGET_NAME)";
				SWIFT_VERSION = 4.0;
				TARGETED_DEVICE_FAMILY = "1,2";
			};
			name = Release;
		};
		624F31192006181800A39245 /* Debug */ = {
			isa = XCBuildConfiguration;
			buildSettings = {
				ALWAYS_EMBED_SWIFT_STANDARD_LIBRARIES = YES;
				BUNDLE_LOADER = "$(TEST_HOST)";
				CLANG_ENABLE_MODULES = YES;
				CODE_SIGN_STYLE = Automatic;
				DEVELOPMENT_TEAM = C868QUGA48;
				INFOPLIST_FILE = PackageAppTests/Info.plist;
				LD_RUNPATH_SEARCH_PATHS = "$(inherited) @executable_path/Frameworks @loader_path/Frameworks";
				PRODUCT_BUNDLE_IDENTIFIER = com.peterwarbo.PackageAppTests;
				PRODUCT_NAME = "$(TARGET_NAME)";
				SWIFT_OPTIMIZATION_LEVEL = "-Onone";
				SWIFT_VERSION = 4.0;
				TARGETED_DEVICE_FAMILY = "1,2";
				TEST_HOST = "$(BUILT_PRODUCTS_DIR)/PackageApp.app/PackageApp";
			};
			name = Debug;
		};
		624F311A2006181800A39245 /* Release */ = {
			isa = XCBuildConfiguration;
			buildSettings = {
				ALWAYS_EMBED_SWIFT_STANDARD_LIBRARIES = YES;
				BUNDLE_LOADER = "$(TEST_HOST)";
				CLANG_ENABLE_MODULES = YES;
				CODE_SIGN_STYLE = Automatic;
				DEVELOPMENT_TEAM = C868QUGA48;
				INFOPLIST_FILE = PackageAppTests/Info.plist;
				LD_RUNPATH_SEARCH_PATHS = "$(inherited) @executable_path/Frameworks @loader_path/Frameworks";
				PRODUCT_BUNDLE_IDENTIFIER = com.peterwarbo.PackageAppTests;
				PRODUCT_NAME = "$(TARGET_NAME)";
				SWIFT_VERSION = 4.0;
				TARGETED_DEVICE_FAMILY = "1,2";
				TEST_HOST = "$(BUILT_PRODUCTS_DIR)/PackageApp.app/PackageApp";
			};
			name = Release;
		};
/* End XCBuildConfiguration section */

/* Begin XCConfigurationList section */
		624F30F32006181700A39245 /* Build configuration list for PBXProject "PackageApp" */ = {
			isa = XCConfigurationList;
			buildConfigurations = (
				624F31132006181800A39245 /* Debug */,
				624F31142006181800A39245 /* Release */,
			);
			defaultConfigurationIsVisible = 0;
			defaultConfigurationName = Release;
		};
		624F31152006181800A39245 /* Build configuration list for PBXNativeTarget "PackageApp" */ = {
			isa = XCConfigurationList;
			buildConfigurations = (
				624F31162006181800A39245 /* Debug */,
				624F31172006181800A39245 /* Release */,
			);
			defaultConfigurationIsVisible = 0;
			defaultConfigurationName = Release;
		};
		624F31182006181800A39245 /* Build configuration list for PBXNativeTarget "PackageAppTests" */ = {
			isa = XCConfigurationList;
			buildConfigurations = (
				624F31192006181800A39245 /* Debug */,
				624F311A2006181800A39245 /* Release */,
			);
			defaultConfigurationIsVisible = 0;
			defaultConfigurationName = Release;
		};
/* End XCConfigurationList section */
	};
	rootObject = 624F30F02006181700A39245 /* Project object */;
}
